schema: '2.0'
stages:
  fetch_ev:
    cmd: "poetry run python src/data/fetch_ev_data.py\ngit commit -am \"⚡ Updated
      raw EV data on $(date) with DVC pipeline\" || true\ngit push || true\ndvc push
      || true\n"
    deps:
    - path: src/data/fetch_ev_data.py
      hash: md5
      md5: 3a287f6b63984144808a0ac9b31ee262
      size: 3773
    outs:
    - path: data/raw/ev/ljubljana_ev_availability_combined.json
      hash: md5
      md5: 32cd4d2858c74ef2415aebff12c0116a
      size: 36849
  preprocess_ev:
    cmd: "poetry run python src/data/preprocess_ev_data.py\ngit commit -am \"🧹 Preprocessed
      EV data on $(date) with DVC pipeline\" || true\ngit push || true\ndvc push ||
      true\n"
    deps:
    - path: data/raw/ev/ljubljana_ev_availability_combined.json
      hash: md5
      md5: 32cd4d2858c74ef2415aebff12c0116a
      size: 36849
    - path: src/data/preprocess_ev_data.py
      hash: md5
      md5: fca402c49896198f1697bcd463994594
      size: 2678
    outs:
    - path: data/preprocessed/ev
      hash: md5
      md5: dc1995932fb372c73e45cd1121632e5b.dir
      size: 733115
      nfiles: 41
  validate_ev_data:
    cmd: "cd gx && poetry run python run_checkpoint.py\n"
    deps:
    - path: data/preprocessed/ev/
      hash: md5
      md5: dc1995932fb372c73e45cd1121632e5b.dir
      size: 733115
      nfiles: 41
    - path: gx/great_expectations.yml
      hash: md5
      md5: a16393d260c28ffd4c893a0df7b30eb3
      size: 8902
    - path: gx/run_checkpoint.py
      hash: md5
      md5: 983e4a7b0973f54707633629ab08f0a2
      size: 4225
    outs:
    - path: gx/uncommitted
      hash: md5
      md5: 66f9e15e26d9274559c6a190cc2b48ac.dir
      size: 326003530
      nfiles: 10315
  test_ev_data:
    cmd: "poetry run python src/data/test_ev_data.py\n"
    deps:
    - path: data/preprocessed/ev
      hash: md5
      md5: dc1995932fb372c73e45cd1121632e5b.dir
      size: 733115
      nfiles: 41
    - path: src/data/test_ev_data.py
      hash: md5
      md5: bc384044bb131beb80d21f51db9ea27c
      size: 2593
    outs:
    - path: reports/ev_drift
      hash: md5
      md5: 2437e4e673fd1d4cc4922ca84ea0466c.dir
      size: 158238794
      nfiles: 41
  train_ev:
    cmd: "poetry run python src/model/train_ev.py\ngit commit -am \"🤖 Trained EV model
      on $(date) via DVC pipeline\" || true\ngit push || true\ndvc push || true\n"
    deps:
    - path: data/preprocessed/ev
      hash: md5
      md5: d62aeeacc7ac6aaec1e2e3893b636a36.dir
      size: 722015
      nfiles: 41
    - path: gx/uncommitted
      hash: md5
      md5: d5cf700030d7e0720e929dcecac0a44d.dir
      size: 319321562
      nfiles: 10151
    - path: reports/ev_drift
      hash: md5
      md5: eee854889ca42981ca1c81b38d2efafd.dir
      size: 158218538
      nfiles: 41
    - path: src/model/preprocess.py
      hash: md5
      md5: b9da9b572d006dbd072da6c4799897f6
      size: 1711
    - path: src/model/train_ev.py
      hash: md5
      md5: 624a5f46759d234c5789b17da55366b4
      size: 5244
    params:
      params.yaml:
        train_ev.freq: 30m
        train_ev.random_state: 42
        train_ev.target: occupied
        train_ev.test_size: 4
        train_ev.window_size: 3
    outs:
    - path: models/
      hash: md5
      md5: ed6e6daa82bada9dfd09d975243d69a0.dir
      size: 22544290
      nfiles: 164
  export_and_deploy_frontend:
    cmd: scripts/export_frontend.sh
    deps:
    - path: scripts/export_frontend.sh
      hash: md5
      md5: 56e32657a3808c2ee57da8896dcaf69b
      size: 847
      isexec: true
    - path: src/model/export_mlflow_models.py
      hash: md5
      md5: cfed91ccd78dffe78f3a8dd382b3ecc8
      size: 806
    outs:
    - path: public/ml_models.json
      hash: md5
      md5: 11c2945cdb6fa7cbbe6f2f6238940af7
      size: 523541
  upload_reports:
    cmd: poetry run python src/data/upload_html_to_mongo.py
    deps:
    - path: gx/uncommitted/data_docs/local_site/expectations/
      hash: md5
      md5: 05d7d9faa28c30b7b11416f9cff5bbe4.dir
      size: 1840412
      nfiles: 42
    - path: reports/ev_drift/
      hash: md5
      md5: 2437e4e673fd1d4cc4922ca84ea0466c.dir
      size: 158238794
      nfiles: 41
    - path: src/data/upload_html_to_mongo.py
      hash: md5
      md5: 8d97598f09025695e6092df6f76e9c1a
      size: 1470
  export_and_deploy_ml_json:
    cmd: "poetry run python src/model/export_mlflow_models.py\npoetry run python src/model/upload_model_json_to_mongo.py\n\
      git commit -am \"📦 Exported and synced ML model data on $(date)\" || true\n\
      git push || true\ndvc push || true\n"
    deps:
    - path: src/model/export_mlflow_models.py
      hash: md5
      md5: cfed91ccd78dffe78f3a8dd382b3ecc8
      size: 806
    - path: src/model/upload_model_json_to_mongo.py
      hash: md5
      md5: 526669c3f21fb4a69285b701f4d2afb7
      size: 901
    outs:
    - path: public/ml_models.json
      hash: md5
      md5: 1039273df75e793c34bed69b51268937
      size: 666001
