schema: '2.0'
stages:
  fetch_ev:
    cmd: "poetry run python src/data/fetch_ev_data.py\ngit commit -am \"⚡ Updated
      raw EV data on $(date) with DVC pipeline\" || true\ngit push || true\ndvc push
      || true\n"
    deps:
    - path: src/data/fetch_ev_data.py
      hash: md5
      md5: 8ed3b73272cb55f3c7de74c3130d7777
      size: 3780
    outs:
    - path: data/raw/ev/ljubljana_ev_availability_combined.json
      hash: md5
      md5: f42f35146feec207480b2b2250a270d6
      size: 37963
  preprocess_ev:
    cmd: "poetry run python src/data/preprocess_ev_data.py\ngit commit -am \"🧹 Preprocessed
      EV data on $(date) with DVC pipeline\" || true\ngit push || true\ndvc push ||
      true\n"
    deps:
    - path: data/raw/ev/ljubljana_ev_availability_combined.json
      hash: md5
      md5: ad4fc9608d59b8d5608981537d63c552
      size: 37963
    - path: src/data/preprocess_ev_data.py
      hash: md5
      md5: c71157c1dfa8d2d6507295e3c972adf8
      size: 3500
    outs:
    - path: data/preprocessed/ev
      hash: md5
      md5: 8c2a47f52dde01eb9a21a6a635c0a8ca.dir
      size: 2814226
      nfiles: 41
  validate_ev_data:
    cmd: "cd gx && poetry run python run_checkpoint.py\n"
    deps:
    - path: data/preprocessed/ev/
      hash: md5
      md5: 8c2a47f52dde01eb9a21a6a635c0a8ca.dir
      size: 2814226
      nfiles: 41
    - path: gx/great_expectations.yml
      hash: md5
      md5: a16393d260c28ffd4c893a0df7b30eb3
      size: 8902
    - path: gx/run_checkpoint.py
      hash: md5
      md5: fb80901141f84ef79ea6c1bab2c672e0
      size: 4229
    outs:
    - path: gx/uncommitted
      hash: md5
      md5: 9e2798e4180776fac87a6e76c64f70fc.dir
      size: 1582216997
      nfiles: 41147
  test_ev_data:
    cmd: "poetry run python src/data/test_ev_data.py\n"
    deps:
    - path: data/preprocessed/ev
      hash: md5
      md5: 8c2a47f52dde01eb9a21a6a635c0a8ca.dir
      size: 2814226
      nfiles: 41
    - path: src/data/test_ev_data.py
      hash: md5
      md5: 5a5755af3c9f15f56e81dbb159349576
      size: 2895
    outs:
    - path: reports/ev_drift
      hash: md5
      md5: 8074669d3d24ee87285be3e71dba2f4f.dir
      size: 158504749
      nfiles: 41
  train_ev:
    cmd: "poetry run python src/model/train_ev.py\ngit commit -am \"🤖 Trained EV model
      on $(date) via DVC pipeline\" || true\ngit push || true\ndvc push || true\n"
    deps:
    - path: data/preprocessed/ev
      hash: md5
      md5: 671083a4fe876dc38b5cc2261c500b41.dir
      size: 2808532
      nfiles: 41
    - path: gx/uncommitted
      hash: md5
      md5: c01368ba44b8bf1783db019a87f90bff.dir
      size: 1578875970
      nfiles: 41065
    - path: reports/ev_drift
      hash: md5
      md5: 8074669d3d24ee87285be3e71dba2f4f.dir
      size: 158504749
      nfiles: 41
    - path: src/model/preprocess.py
      hash: md5
      md5: 5501e973a63e9e3a371aff2a7518d848
      size: 1957
    - path: src/model/train_ev.py
      hash: md5
      md5: c1684cfd57b4cc677eed68b3496a94aa
      size: 5638
    params:
      params.yaml:
        train_ev.freq: 1h
        train_ev.random_state: 42
        train_ev.target: occupied
        train_ev.test_size: 4
        train_ev.window_size: 3
    outs:
    - path: models/
      hash: md5
      md5: 2c99bf6eb827dee834c438e2c2708978.dir
      size: 22546135
      nfiles: 164
  export_and_deploy_frontend:
    cmd: scripts/export_frontend.sh
    deps:
    - path: scripts/export_frontend.sh
      hash: md5
      md5: 56e32657a3808c2ee57da8896dcaf69b
      size: 847
      isexec: true
    - path: src/model/export_mlflow_models.py
      hash: md5
      md5: cfed91ccd78dffe78f3a8dd382b3ecc8
      size: 806
    outs:
    - path: public/ml_models.json
      hash: md5
      md5: 11c2945cdb6fa7cbbe6f2f6238940af7
      size: 523541
  upload_reports:
    cmd: poetry run python src/data/upload_html_to_mongo.py
    deps:
    - path: gx/uncommitted/data_docs/local_site/expectations/
      hash: md5
      md5: 359d099a0e2e27e977144d4e3a7c88fc.dir
      size: 1840412
      nfiles: 42
    - path: reports/ev_drift/
      hash: md5
      md5: 8074669d3d24ee87285be3e71dba2f4f.dir
      size: 158504749
      nfiles: 41
    - path: src/data/upload_html_to_mongo.py
      hash: md5
      md5: 8d97598f09025695e6092df6f76e9c1a
      size: 1470
  export_and_deploy_ml_json:
    cmd: "poetry run python src/model/export_mlflow_models.py\npoetry run python src/model/upload_model_json_to_mongo.py\n\
      git commit -am \"📦 Exported and synced ML model data on $(date)\" || true\n\
      git push || true\ndvc push || true\n"
    deps:
    - path: src/model/export_mlflow_models.py
      hash: md5
      md5: cfed91ccd78dffe78f3a8dd382b3ecc8
      size: 806
    - path: src/model/upload_model_json_to_mongo.py
      hash: md5
      md5: aad77a3aa2baf1f4c3b07186ab5e5e8c
      size: 2431
    outs:
    - path: public/ml_models.json
      hash: md5
      md5: aee7716456a6046bb325f9a512a3a8db
      size: 1463993
