schema: '2.0'
stages:
  fetch_ev:
    cmd: "poetry run python src/data/fetch_ev_data.py\ngit commit -am \"⚡ Updated
      raw EV data on $(date) with DVC pipeline\" || true\ngit push || true\ndvc push
      || true\n"
    deps:
    - path: src/data/fetch_ev_data.py
      hash: md5
      md5: 3a287f6b63984144808a0ac9b31ee262
      size: 3773
    outs:
    - path: data/raw/ev/ljubljana_ev_availability_combined.json
      hash: md5
      md5: 55f00196c3a02620ffd7badf6e809afe
      size: 36849
  preprocess_ev:
    cmd: "poetry run python src/data/preprocess_ev_data.py\ngit commit -am \"🧹 Preprocessed
      EV data on $(date) with DVC pipeline\" || true\ngit push || true\ndvc push ||
      true\n"
    deps:
    - path: data/raw/ev/ljubljana_ev_availability_combined.json
      hash: md5
      md5: 55f00196c3a02620ffd7badf6e809afe
      size: 36849
    - path: src/data/preprocess_ev_data.py
      hash: md5
      md5: fca402c49896198f1697bcd463994594
      size: 2678
    outs:
    - path: data/preprocessed/ev
      hash: md5
      md5: 21c22a4c0172a7de1df515f93a3dc4dd.dir
      size: 655415
      nfiles: 41
  validate_ev_data:
    cmd: "cd gx && poetry run python run_checkpoint.py\n"
    deps:
    - path: data/preprocessed/ev/
      hash: md5
      md5: 21c22a4c0172a7de1df515f93a3dc4dd.dir
      size: 655415
      nfiles: 41
    - path: gx/great_expectations.yml
      hash: md5
      md5: a16393d260c28ffd4c893a0df7b30eb3
      size: 8902
    - path: gx/run_checkpoint.py
      hash: md5
      md5: 983e4a7b0973f54707633629ab08f0a2
      size: 4225
    outs:
    - path: gx/uncommitted
      hash: md5
      md5: 8fc3316933a06593be89a9e78aa8ab81.dir
      size: 279229745
      nfiles: 9167
  test_ev_data:
    cmd: "poetry run python src/data/test_ev_data.py\n"
    deps:
    - path: data/preprocessed/ev
      hash: md5
      md5: 21c22a4c0172a7de1df515f93a3dc4dd.dir
      size: 655415
      nfiles: 41
    - path: src/data/test_ev_data.py
      hash: md5
      md5: bc384044bb131beb80d21f51db9ea27c
      size: 2593
    outs:
    - path: reports/ev_drift
      hash: md5
      md5: ae9d5f70768ad086fd52f740d95704db.dir
      size: 158149736
      nfiles: 41
  train_ev:
    cmd: "poetry run python src/model/train_ev.py\ngit commit -am \"🤖 Trained EV model
      on $(date) via DVC pipeline\" || true\ngit push || true\ndvc push || true\n"
    deps:
    - path: data/preprocessed/ev
      hash: md5
      md5: 4f22fc8f3b370f8852da7d256533b5f1.dir
      size: 633215
      nfiles: 41
    - path: gx/uncommitted
      hash: md5
      md5: c0692eba92ae5f02677b9b307002b495.dir
      size: 265865804
      nfiles: 8839
    - path: reports/ev_drift
      hash: md5
      md5: deb9b95d5278b46298d2eb57c697753b.dir
      size: 158070382
      nfiles: 41
    - path: src/model/preprocess.py
      hash: md5
      md5: b9da9b572d006dbd072da6c4799897f6
      size: 1711
    - path: src/model/train_ev.py
      hash: md5
      md5: 624a5f46759d234c5789b17da55366b4
      size: 5244
    params:
      params.yaml:
        train_ev.freq: 30m
        train_ev.random_state: 42
        train_ev.target: occupied
        train_ev.test_size: 4
        train_ev.window_size: 3
    outs:
    - path: models/
      hash: md5
      md5: e24d7bc96480b7baff2840989869b8c3.dir
      size: 22544290
      nfiles: 164
  export_and_deploy_frontend:
    cmd: scripts/export_frontend.sh
    deps:
    - path: scripts/export_frontend.sh
      hash: md5
      md5: 56e32657a3808c2ee57da8896dcaf69b
      size: 847
      isexec: true
    - path: src/model/export_mlflow_models.py
      hash: md5
      md5: cfed91ccd78dffe78f3a8dd382b3ecc8
      size: 806
    outs:
    - path: public/ml_models.json
      hash: md5
      md5: 11c2945cdb6fa7cbbe6f2f6238940af7
      size: 523541
  upload_reports:
    cmd: poetry run python src/data/upload_html_to_mongo.py
    deps:
    - path: gx/uncommitted/data_docs/local_site/expectations/
      hash: md5
      md5: 60315d0538215b9b3d497425346e6829.dir
      size: 1840412
      nfiles: 42
    - path: reports/ev_drift/
      hash: md5
      md5: ae9d5f70768ad086fd52f740d95704db.dir
      size: 158149736
      nfiles: 41
    - path: src/data/upload_html_to_mongo.py
      hash: md5
      md5: 8d97598f09025695e6092df6f76e9c1a
      size: 1470
  export_and_deploy_ml_json:
    cmd: "poetry run python src/model/export_mlflow_models.py\npoetry run python src/model/upload_model_json_to_mongo.py\n\
      git commit -am \"📦 Exported and synced ML model data on $(date)\" || true\n\
      git push || true\ndvc push || true\n"
    deps:
    - path: src/model/export_mlflow_models.py
      hash: md5
      md5: cfed91ccd78dffe78f3a8dd382b3ecc8
      size: 806
    - path: src/model/upload_model_json_to_mongo.py
      hash: md5
      md5: 526669c3f21fb4a69285b701f4d2afb7
      size: 901
    outs:
    - path: public/ml_models.json
      hash: md5
      md5: e2c16736c66bb5400bc0a3e1e4bbe352
      size: 650133
